// !$*UTF8*$!
{
	archiveVersion = 1;
	classes = {
	};
	objectVersion = 56;
	objects = {

/* Begin PBXBuildFile section */
		CC241D8F2902EE6C00DA9DE3 /* AppDelegate.swift in Sources */ = {isa = PBXBuildFile; fileRef = CC241D8E2902EE6C00DA9DE3 /* AppDelegate.swift */; };
		CC241D912902EE6C00DA9DE3 /* SceneDelegate.swift in Sources */ = {isa = PBXBuildFile; fileRef = CC241D902902EE6C00DA9DE3 /* SceneDelegate.swift */; };
		CC241D962902EE6C00DA9DE3 /* Main.storyboard in Resources */ = {isa = PBXBuildFile; fileRef = CC241D942902EE6C00DA9DE3 /* Main.storyboard */; };
		CC241D982902EE6E00DA9DE3 /* Assets.xcassets in Resources */ = {isa = PBXBuildFile; fileRef = CC241D972902EE6E00DA9DE3 /* Assets.xcassets */; };
		CC241D9B2902EE6E00DA9DE3 /* LaunchScreen.storyboard in Resources */ = {isa = PBXBuildFile; fileRef = CC241D992902EE6E00DA9DE3 /* LaunchScreen.storyboard */; };
		CC6DC24C29098AFB00122505 /* HomeViewController.swift in Sources */ = {isa = PBXBuildFile; fileRef = CC6DC24B29098AFB00122505 /* HomeViewController.swift */; };
		CC7EE8772906F5C900FB0ADE /* OnboardingViewController.swift in Sources */ = {isa = PBXBuildFile; fileRef = CC7EE8762906F5C900FB0ADE /* OnboardingViewController.swift */; };
		CC7EE87A2906F9C600FB0ADE /* UIView+Extensions.swift in Sources */ = {isa = PBXBuildFile; fileRef = CC7EE8792906F9C600FB0ADE /* UIView+Extensions.swift */; };
		CC99A7AA29099A5800706830 /* CategoryCollectionViewCell.swift in Sources */ = {isa = PBXBuildFile; fileRef = CC99A7A829099A5800706830 /* CategoryCollectionViewCell.swift */; };
		CC99A7AB29099A5800706830 /* CategoryCollectionViewCell.xib in Resources */ = {isa = PBXBuildFile; fileRef = CC99A7A929099A5800706830 /* CategoryCollectionViewCell.xib */; };
		CC99A7AD29099CE600706830 /* DishCategory.swift in Sources */ = {isa = PBXBuildFile; fileRef = CC99A7AC29099CE600706830 /* DishCategory.swift */; };
		CC99A7B029099E3D00706830 /* Kingfisher in Frameworks */ = {isa = PBXBuildFile; productRef = CC99A7AF29099E3D00706830 /* Kingfisher */; };
		CC99A7B229099FBA00706830 /* String+Extensions.swift in Sources */ = {isa = PBXBuildFile; fileRef = CC99A7B129099FBA00706830 /* String+Extensions.swift */; };
		CC99A7B52909A60B00706830 /* CardView.swift in Sources */ = {isa = PBXBuildFile; fileRef = CC99A7B42909A60B00706830 /* CardView.swift */; };
		CCDE38912906FF4E003384D0 /* OnboardingSlide.swift in Sources */ = {isa = PBXBuildFile; fileRef = CCDE38902906FF4E003384D0 /* OnboardingSlide.swift */; };
		CCDE389729070490003384D0 /* OnboardingCollectionViewCell.swift in Sources */ = {isa = PBXBuildFile; fileRef = CCDE389629070490003384D0 /* OnboardingCollectionViewCell.swift */; };
/* End PBXBuildFile section */

/* Begin PBXFileReference section */
		CC241D8B2902EE6C00DA9DE3 /* What about food?.app */ = {isa = PBXFileReference; explicitFileType = wrapper.application; includeInIndex = 0; path = "What about food?.app"; sourceTree = BUILT_PRODUCTS_DIR; };
		CC241D8E2902EE6C00DA9DE3 /* AppDelegate.swift */ = {isa = PBXFileReference; lastKnownFileType = sourcecode.swift; path = AppDelegate.swift; sourceTree = "<group>"; };
		CC241D902902EE6C00DA9DE3 /* SceneDelegate.swift */ = {isa = PBXFileReference; lastKnownFileType = sourcecode.swift; path = SceneDelegate.swift; sourceTree = "<group>"; };
		CC241D952902EE6C00DA9DE3 /* Base */ = {isa = PBXFileReference; lastKnownFileType = file.storyboard; name = Base; path = Base.lproj/Main.storyboard; sourceTree = "<group>"; };
		CC241D972902EE6E00DA9DE3 /* Assets.xcassets */ = {isa = PBXFileReference; lastKnownFileType = folder.assetcatalog; path = Assets.xcassets; sourceTree = "<group>"; };
		CC241D9A2902EE6E00DA9DE3 /* Base */ = {isa = PBXFileReference; lastKnownFileType = file.storyboard; name = Base; path = Base.lproj/LaunchScreen.storyboard; sourceTree = "<group>"; };
		CC241D9C2902EE6E00DA9DE3 /* Info.plist */ = {isa = PBXFileReference; lastKnownFileType = text.plist.xml; path = Info.plist; sourceTree = "<group>"; };
		CC6DC24B29098AFB00122505 /* HomeViewController.swift */ = {isa = PBXFileReference; lastKnownFileType = sourcecode.swift; path = HomeViewController.swift; sourceTree = "<group>"; };
		CC7EE8762906F5C900FB0ADE /* OnboardingViewController.swift */ = {isa = PBXFileReference; lastKnownFileType = sourcecode.swift; path = OnboardingViewController.swift; sourceTree = "<group>"; };
		CC7EE8792906F9C600FB0ADE /* UIView+Extensions.swift */ = {isa = PBXFileReference; lastKnownFileType = sourcecode.swift; path = "UIView+Extensions.swift"; sourceTree = "<group>"; };
		CC99A7A829099A5800706830 /* CategoryCollectionViewCell.swift */ = {isa = PBXFileReference; lastKnownFileType = sourcecode.swift; path = CategoryCollectionViewCell.swift; sourceTree = "<group>"; };
		CC99A7A929099A5800706830 /* CategoryCollectionViewCell.xib */ = {isa = PBXFileReference; lastKnownFileType = file.xib; path = CategoryCollectionViewCell.xib; sourceTree = "<group>"; };
		CC99A7AC29099CE600706830 /* DishCategory.swift */ = {isa = PBXFileReference; lastKnownFileType = sourcecode.swift; path = DishCategory.swift; sourceTree = "<group>"; };
		CC99A7B129099FBA00706830 /* String+Extensions.swift */ = {isa = PBXFileReference; lastKnownFileType = sourcecode.swift; path = "String+Extensions.swift"; sourceTree = "<group>"; };
		CC99A7B42909A60B00706830 /* CardView.swift */ = {isa = PBXFileReference; lastKnownFileType = sourcecode.swift; path = CardView.swift; sourceTree = "<group>"; };
		CCDE38902906FF4E003384D0 /* OnboardingSlide.swift */ = {isa = PBXFileReference; lastKnownFileType = sourcecode.swift; path = OnboardingSlide.swift; sourceTree = "<group>"; };
		CCDE389629070490003384D0 /* OnboardingCollectionViewCell.swift */ = {isa = PBXFileReference; lastKnownFileType = sourcecode.swift; path = OnboardingCollectionViewCell.swift; sourceTree = "<group>"; };
/* End PBXFileReference section */

/* Begin PBXFrameworksBuildPhase section */
		CC241D882902EE6C00DA9DE3 /* Frameworks */ = {
			isa = PBXFrameworksBuildPhase;
			buildActionMask = 2147483647;
			files = (
				CC99A7B029099E3D00706830 /* Kingfisher in Frameworks */,
			);
			runOnlyForDeploymentPostprocessing = 0;
		};
/* End PBXFrameworksBuildPhase section */

/* Begin PBXGroup section */
		CC241D822902EE6C00DA9DE3 = {
			isa = PBXGroup;
			children = (
				CC241D8D2902EE6C00DA9DE3 /* What about food? */,
				CC241D8C2902EE6C00DA9DE3 /* Products */,
			);
			sourceTree = "<group>";
		};
		CC241D8C2902EE6C00DA9DE3 /* Products */ = {
			isa = PBXGroup;
			children = (
				CC241D8B2902EE6C00DA9DE3 /* What about food?.app */,
			);
			name = Products;
			sourceTree = "<group>";
		};
		CC241D8D2902EE6C00DA9DE3 /* What about food? */ = {
			isa = PBXGroup;
			children = (
				CC7EE8732906F57700FB0ADE /* Views */,
				CC7EE87B2906FA9500FB0ADE /* Storyboards  */,
				CCDE38952906FFDC003384D0 /* Resourses */,
				CC7EE87C2906FB4A00FB0ADE /* App */,
				CC7EE8782906F99E00FB0ADE /* Extensions */,
				CC7EE8742906F58900FB0ADE /* CustomViews */,
				CC7EE8712906F53000FB0ADE /* Model */,
			);
			path = "What about food?";
			sourceTree = "<group>";
		};
		CC6DC24A29098ACA00122505 /* HomeVIew */ = {
			isa = PBXGroup;
			children = (
				CC6DC24B29098AFB00122505 /* HomeViewController.swift */,
			);
			path = HomeVIew;
			sourceTree = "<group>";
		};
		CC7EE8712906F53000FB0ADE /* Model */ = {
			isa = PBXGroup;
			children = (
				CCDE38902906FF4E003384D0 /* OnboardingSlide.swift */,
				CC99A7AC29099CE600706830 /* DishCategory.swift */,
			);
			path = Model;
			sourceTree = "<group>";
		};
		CC7EE8732906F57700FB0ADE /* Views */ = {
			isa = PBXGroup;
			children = (
				CC6DC24A29098ACA00122505 /* HomeVIew */,
				CC7EE8752906F59600FB0ADE /* OnboardingView */,
			);
			path = Views;
			sourceTree = "<group>";
		};
		CC7EE8742906F58900FB0ADE /* CustomViews */ = {
			isa = PBXGroup;
			children = (
				CC99A7B32909A5F100706830 /* CardView */,
				CC99A7A6290999EE00706830 /* CollectionViewCells */,
			);
			path = CustomViews;
			sourceTree = "<group>";
		};
		CC7EE8752906F59600FB0ADE /* OnboardingView */ = {
			isa = PBXGroup;
			children = (
				CC7EE8762906F5C900FB0ADE /* OnboardingViewController.swift */,
				CCDE389629070490003384D0 /* OnboardingCollectionViewCell.swift */,
			);
			path = OnboardingView;
			sourceTree = "<group>";
		};
		CC7EE8782906F99E00FB0ADE /* Extensions */ = {
			isa = PBXGroup;
			children = (
				CC7EE8792906F9C600FB0ADE /* UIView+Extensions.swift */,
				CC99A7B129099FBA00706830 /* String+Extensions.swift */,
			);
			path = Extensions;
			sourceTree = "<group>";
		};
		CC7EE87B2906FA9500FB0ADE /* Storyboards  */ = {
			isa = PBXGroup;
			children = (
				CC241D942902EE6C00DA9DE3 /* Main.storyboard */,
				CC241D992902EE6E00DA9DE3 /* LaunchScreen.storyboard */,
			);
			path = "Storyboards ";
			sourceTree = "<group>";
		};
		CC7EE87C2906FB4A00FB0ADE /* App */ = {
			isa = PBXGroup;
			children = (
				CC241D9C2902EE6E00DA9DE3 /* Info.plist */,
				CC241D902902EE6C00DA9DE3 /* SceneDelegate.swift */,
				CC241D8E2902EE6C00DA9DE3 /* AppDelegate.swift */,
			);
			path = App;
			sourceTree = "<group>";
		};
		CC99A7A6290999EE00706830 /* CollectionViewCells */ = {
			isa = PBXGroup;
			children = (
				CC99A7A729099A0C00706830 /* CategoryCollectionViewCell */,
			);
			path = CollectionViewCells;
			sourceTree = "<group>";
		};
		CC99A7A729099A0C00706830 /* CategoryCollectionViewCell */ = {
			isa = PBXGroup;
			children = (
				CC99A7A829099A5800706830 /* CategoryCollectionViewCell.swift */,
				CC99A7A929099A5800706830 /* CategoryCollectionViewCell.xib */,
			);
			path = CategoryCollectionViewCell;
			sourceTree = "<group>";
		};
		CC99A7B32909A5F100706830 /* CardView */ = {
			isa = PBXGroup;
			children = (
				CC99A7B42909A60B00706830 /* CardView.swift */,
			);
			path = CardView;
			sourceTree = "<group>";
		};
		CCDE38952906FFDC003384D0 /* Resourses */ = {
			isa = PBXGroup;
			children = (
				CC241D972902EE6E00DA9DE3 /* Assets.xcassets */,
			);
			path = Resourses;
			sourceTree = "<group>";
		};
/* End PBXGroup section */

/* Begin PBXNativeTarget section */
		CC241D8A2902EE6C00DA9DE3 /* What about food? */ = {
			isa = PBXNativeTarget;
			buildConfigurationList = CC241D9F2902EE6E00DA9DE3 /* Build configuration list for PBXNativeTarget "What about food?" */;
			buildPhases = (
				CC241D872902EE6C00DA9DE3 /* Sources */,
				CC241D882902EE6C00DA9DE3 /* Frameworks */,
				CC241D892902EE6C00DA9DE3 /* Resources */,
			);
			buildRules = (
			);
			dependencies = (
			);
			name = "What about food?";
			packageProductDependencies = (
				CC99A7AF29099E3D00706830 /* Kingfisher */,
			);
			productName = "What about food?";
			productReference = CC241D8B2902EE6C00DA9DE3 /* What about food?.app */;
			productType = "com.apple.product-type.application";
		};
/* End PBXNativeTarget section */

/* Begin PBXProject section */
		CC241D832902EE6C00DA9DE3 /* Project object */ = {
			isa = PBXProject;
			attributes = {
				BuildIndependentTargetsInParallel = 1;
				LastSwiftUpdateCheck = 1400;
				LastUpgradeCheck = 1400;
				TargetAttributes = {
					CC241D8A2902EE6C00DA9DE3 = {
						CreatedOnToolsVersion = 14.0.1;
					};
				};
			};
			buildConfigurationList = CC241D862902EE6C00DA9DE3 /* Build configuration list for PBXProject "What about food?" */;
			compatibilityVersion = "Xcode 14.0";
			developmentRegion = en;
			hasScannedForEncodings = 0;
			knownRegions = (
				en,
				Base,
			);
			mainGroup = CC241D822902EE6C00DA9DE3;
			packageReferences = (
				CC99A7AE29099E3D00706830 /* XCRemoteSwiftPackageReference "Kingfisher" */,
			);
			productRefGroup = CC241D8C2902EE6C00DA9DE3 /* Products */;
			projectDirPath = "";
			projectRoot = "";
			targets = (
				CC241D8A2902EE6C00DA9DE3 /* What about food? */,
			);
		};
/* End PBXProject section */

/* Begin PBXResourcesBuildPhase section */
		CC241D892902EE6C00DA9DE3 /* Resources */ = {
			isa = PBXResourcesBuildPhase;
			buildActionMask = 2147483647;
			files = (
				CC99A7AB29099A5800706830 /* CategoryCollectionViewCell.xib in Resources */,
				CC241D9B2902EE6E00DA9DE3 /* LaunchScreen.storyboard in Resources */,
				CC241D982902EE6E00DA9DE3 /* Assets.xcassets in Resources */,
				CC241D962902EE6C00DA9DE3 /* Main.storyboard in Resources */,
			);
			runOnlyForDeploymentPostprocessing = 0;
		};
/* End PBXResourcesBuildPhase section */

/* Begin PBXSourcesBuildPhase section */
		CC241D872902EE6C00DA9DE3 /* Sources */ = {
			isa = PBXSourcesBuildPhase;
			buildActionMask = 2147483647;
			files = (
				CC99A7B229099FBA00706830 /* String+Extensions.swift in Sources */,
				CC99A7AA29099A5800706830 /* CategoryCollectionViewCell.swift in Sources */,
				CCDE38912906FF4E003384D0 /* OnboardingSlide.swift in Sources */,
				CC241D8F2902EE6C00DA9DE3 /* AppDelegate.swift in Sources */,
				CC241D912902EE6C00DA9DE3 /* SceneDelegate.swift in Sources */,
				CC7EE87A2906F9C600FB0ADE /* UIView+Extensions.swift in Sources */,
				CC7EE8772906F5C900FB0ADE /* OnboardingViewController.swift in Sources */,
				CC6DC24C29098AFB00122505 /* HomeViewController.swift in Sources */,
				CC99A7AD29099CE600706830 /* DishCategory.swift in Sources */,
				CC99A7B52909A60B00706830 /* CardView.swift in Sources */,
				CCDE389729070490003384D0 /* OnboardingCollectionViewCell.swift in Sources */,
			);
			runOnlyForDeploymentPostprocessing = 0;
		};
/* End PBXSourcesBuildPhase section */

/* Begin PBXVariantGroup section */
		CC241D942902EE6C00DA9DE3 /* Main.storyboard */ = {
			isa = PBXVariantGroup;
			children = (
				CC241D952902EE6C00DA9DE3 /* Base */,
			);
			name = Main.storyboard;
			sourceTree = "<group>";
		};
		CC241D992902EE6E00DA9DE3 /* LaunchScreen.storyboard */ = {
			isa = PBXVariantGroup;
			children = (
				CC241D9A2902EE6E00DA9DE3 /* Base */,
			);
			name = LaunchScreen.storyboard;
			sourceTree = "<group>";
		};
/* End PBXVariantGroup section */

/* Begin XCBuildConfiguration section */
		CC241D9D2902EE6E00DA9DE3 /* Debug */ = {
			isa = XCBuildConfiguration;
			buildSettings = {
				ALWAYS_SEARCH_USER_PATHS = NO;
				CLANG_ANALYZER_NONNULL = YES;
				CLANG_ANALYZER_NUMBER_OBJECT_CONVERSION = YES_AGGRESSIVE;
				CLANG_CXX_LANGUAGE_STANDARD = "gnu++20";
				CLANG_ENABLE_MODULES = YES;
				CLANG_ENABLE_OBJC_ARC = YES;
				CLANG_ENABLE_OBJC_WEAK = YES;
				CLANG_WARN_BLOCK_CAPTURE_AUTORELEASING = YES;
				CLANG_WARN_BOOL_CONVERSION = YES;
				CLANG_WARN_COMMA = YES;
				CLANG_WARN_CONSTANT_CONVERSION = YES;
				CLANG_WARN_DEPRECATED_OBJC_IMPLEMENTATIONS = YES;
				CLANG_WARN_DIRECT_OBJC_ISA_USAGE = YES_ERROR;
				CLANG_WARN_DOCUMENTATION_COMMENTS = YES;
				CLANG_WARN_EMPTY_BODY = YES;
				CLANG_WARN_ENUM_CONVERSION = YES;
				CLANG_WARN_INFINITE_RECURSION = YES;
				CLANG_WARN_INT_CONVERSION = YES;
				CLANG_WARN_NON_LITERAL_NULL_CONVERSION = YES;
				CLANG_WARN_OBJC_IMPLICIT_RETAIN_SELF = YES;
				CLANG_WARN_OBJC_LITERAL_CONVERSION = YES;
				CLANG_WARN_OBJC_ROOT_CLASS = YES_ERROR;
				CLANG_WARN_QUOTED_INCLUDE_IN_FRAMEWORK_HEADER = YES;
				CLANG_WARN_RANGE_LOOP_ANALYSIS = YES;
				CLANG_WARN_STRICT_PROTOTYPES = YES;
				CLANG_WARN_SUSPICIOUS_MOVE = YES;
				CLANG_WARN_UNGUARDED_AVAILABILITY = YES_AGGRESSIVE;
				CLANG_WARN_UNREACHABLE_CODE = YES;
				CLANG_WARN__DUPLICATE_METHOD_MATCH = YES;
				COPY_PHASE_STRIP = NO;
				DEBUG_INFORMATION_FORMAT = dwarf;
				ENABLE_STRICT_OBJC_MSGSEND = YES;
				ENABLE_TESTABILITY = YES;
				GCC_C_LANGUAGE_STANDARD = gnu11;
				GCC_DYNAMIC_NO_PIC = NO;
				GCC_NO_COMMON_BLOCKS = YES;
				GCC_OPTIMIZATION_LEVEL = 0;
				GCC_PREPROCESSOR_DEFINITIONS = (
					"DEBUG=1",
					"$(inherited)",
				);
				GCC_WARN_64_TO_32_BIT_CONVERSION = YES;
				GCC_WARN_ABOUT_RETURN_TYPE = YES_ERROR;
				GCC_WARN_UNDECLARED_SELECTOR = YES;
				GCC_WARN_UNINITIALIZED_AUTOS = YES_AGGRESSIVE;
				GCC_WARN_UNUSED_FUNCTION = YES;
				GCC_WARN_UNUSED_VARIABLE = YES;
				IPHONEOS_DEPLOYMENT_TARGET = 16.0;
				MTL_ENABLE_DEBUG_INFO = INCLUDE_SOURCE;
				MTL_FAST_MATH = YES;
				ONLY_ACTIVE_ARCH = YES;
				SDKROOT = iphoneos;
				SWIFT_ACTIVE_COMPILATION_CONDITIONS = DEBUG;
				SWIFT_OPTIMIZATION_LEVEL = "-Onone";
			};
			name = Debug;
		};
		CC241D9E2902EE6E00DA9DE3 /* Release */ = {
			isa = XCBuildConfiguration;
			buildSettings = {
				ALWAYS_SEARCH_USER_PATHS = NO;
				CLANG_ANALYZER_NONNULL = YES;
				CLANG_ANALYZER_NUMBER_OBJECT_CONVERSION = YES_AGGRESSIVE;
				CLANG_CXX_LANGUAGE_STANDARD = "gnu++20";
				CLANG_ENABLE_MODULES = YES;
				CLANG_ENABLE_OBJC_ARC = YES;
				CLANG_ENABLE_OBJC_WEAK = YES;
				CLANG_WARN_BLOCK_CAPTURE_AUTORELEASING = YES;
				CLANG_WARN_BOOL_CONVERSION = YES;
				CLANG_WARN_COMMA = YES;
				CLANG_WARN_CONSTANT_CONVERSION = YES;
				CLANG_WARN_DEPRECATED_OBJC_IMPLEMENTATIONS = YES;
				CLANG_WARN_DIRECT_OBJC_ISA_USAGE = YES_ERROR;
				CLANG_WARN_DOCUMENTATION_COMMENTS = YES;
				CLANG_WARN_EMPTY_BODY = YES;
				CLANG_WARN_ENUM_CONVERSION = YES;
				CLANG_WARN_INFINITE_RECURSION = YES;
				CLANG_WARN_INT_CONVERSION = YES;
				CLANG_WARN_NON_LITERAL_NULL_CONVERSION = YES;
				CLANG_WARN_OBJC_IMPLICIT_RETAIN_SELF = YES;
				CLANG_WARN_OBJC_LITERAL_CONVERSION = YES;
				CLANG_WARN_OBJC_ROOT_CLASS = YES_ERROR;
				CLANG_WARN_QUOTED_INCLUDE_IN_FRAMEWORK_HEADER = YES;
				CLANG_WARN_RANGE_LOOP_ANALYSIS = YES;
				CLANG_WARN_STRICT_PROTOTYPES = YES;
				CLANG_WARN_SUSPICIOUS_MOVE = YES;
				CLANG_WARN_UNGUARDED_AVAILABILITY = YES_AGGRESSIVE;
				CLANG_WARN_UNREACHABLE_CODE = YES;
				CLANG_WARN__DUPLICATE_METHOD_MATCH = YES;
				COPY_PHASE_STRIP = NO;
				DEBUG_INFORMATION_FORMAT = "dwarf-with-dsym";
				ENABLE_NS_ASSERTIONS = NO;
				ENABLE_STRICT_OBJC_MSGSEND = YES;
				GCC_C_LANGUAGE_STANDARD = gnu11;
				GCC_NO_COMMON_BLOCKS = YES;
				GCC_WARN_64_TO_32_BIT_CONVERSION = YES;
				GCC_WARN_ABOUT_RETURN_TYPE = YES_ERROR;
				GCC_WARN_UNDECLARED_SELECTOR = YES;
				GCC_WARN_UNINITIALIZED_AUTOS = YES_AGGRESSIVE;
				GCC_WARN_UNUSED_FUNCTION = YES;
				GCC_WARN_UNUSED_VARIABLE = YES;
				IPHONEOS_DEPLOYMENT_TARGET = 16.0;
				MTL_ENABLE_DEBUG_INFO = NO;
				MTL_FAST_MATH = YES;
				SDKROOT = iphoneos;
				SWIFT_COMPILATION_MODE = wholemodule;
				SWIFT_OPTIMIZATION_LEVEL = "-O";
				VALIDATE_PRODUCT = YES;
			};
			name = Release;
		};
		CC241DA02902EE6E00DA9DE3 /* Debug */ = {
			isa = XCBuildConfiguration;
			buildSettings = {
				ASSETCATALOG_COMPILER_APPICON_NAME = AppIcon;
				ASSETCATALOG_COMPILER_GLOBAL_ACCENT_COLOR_NAME = AccentColor;
				CODE_SIGN_STYLE = Automatic;
				CURRENT_PROJECT_VERSION = 1;
				DEVELOPMENT_TEAM = 6QGWXNWMFJ;
				GENERATE_INFOPLIST_FILE = YES;
				INFOPLIST_FILE = "What about food?/App/Info.plist";
				INFOPLIST_KEY_UIApplicationSupportsIndirectInputEvents = YES;
				INFOPLIST_KEY_UILaunchStoryboardName = LaunchScreen;
				INFOPLIST_KEY_UIMainStoryboardFile = Main;
				INFOPLIST_KEY_UISupportedInterfaceOrientations = UIInterfaceOrientationPortrait;
				INFOPLIST_KEY_UISupportedInterfaceOrientations_iPad = "UIInterfaceOrientationLandscapeLeft UIInterfaceOrientationLandscapeRight UIInterfaceOrientationPortrait UIInterfaceOrientationPortraitUpsideDown";
				IPHONEOS_DEPLOYMENT_TARGET = 15.0;
				LD_RUNPATH_SEARCH_PATHS = (
					"$(inherited)",
					"@executable_path/Frameworks",
				);
				MARKETING_VERSION = 1.0;
				PRODUCT_BUNDLE_IDENTIFIER = "ru.alexGaida.What-about-food-";
				PRODUCT_NAME = "$(TARGET_NAME)";
				SUPPORTED_PLATFORMS = "iphoneos iphonesimulator";
				SUPPORTS_MACCATALYST = NO;
				SUPPORTS_MAC_DESIGNED_FOR_IPHONE_IPAD = NO;
				SWIFT_EMIT_LOC_STRINGS = YES;
				SWIFT_VERSION = 5.0;
				TARGETED_DEVICE_FAMILY = 1;
			};
			name = Debug;
		};
		CC241DA12902EE6E00DA9DE3 /* Release */ = {
			isa = XCBuildConfiguration;
			buildSettings = {
				ASSETCATALOG_COMPILER_APPICON_NAME = AppIcon;
				ASSETCATALOG_COMPILER_GLOBAL_ACCENT_COLOR_NAME = AccentColor;
				CODE_SIGN_STYLE = Automatic;
				CURRENT_PROJECT_VERSION = 1;
				DEVELOPMENT_TEAM = 6QGWXNWMFJ;
				GENERATE_INFOPLIST_FILE = YES;
				INFOPLIST_FILE = "What about food?/App/Info.plist";
				INFOPLIST_KEY_UIApplicationSupportsIndirectInputEvents = YES;
				INFOPLIST_KEY_UILaunchStoryboardName = LaunchScreen;
				INFOPLIST_KEY_UIMainStoryboardFile = Main;
				INFOPLIST_KEY_UISupportedInterfaceOrientations = UIInterfaceOrientationPortrait;
				INFOPLIST_KEY_UISupportedInterfaceOrientations_iPad = "UIInterfaceOrientationLandscapeLeft UIInterfaceOrientationLandscapeRight UIInterfaceOrientationPortrait UIInterfaceOrientationPortraitUpsideDown";
				IPHONEOS_DEPLOYMENT_TARGET = 15.0;
				LD_RUNPATH_SEARCH_PATHS = (
					"$(inherited)",
					"@executable_path/Frameworks",
				);
				MARKETING_VERSION = 1.0;
				PRODUCT_BUNDLE_IDENTIFIER = "ru.alexGaida.What-about-food-";
				PRODUCT_NAME = "$(TARGET_NAME)";
				SUPPORTED_PLATFORMS = "iphoneos iphonesimulator";
				SUPPORTS_MACCATALYST = NO;
				SUPPORTS_MAC_DESIGNED_FOR_IPHONE_IPAD = NO;
				SWIFT_EMIT_LOC_STRINGS = YES;
				SWIFT_VERSION = 5.0;
				TARGETED_DEVICE_FAMILY = 1;
			};
			name = Release;
		};
/* End XCBuildConfiguration section */

/* Begin XCConfigurationList section */
		CC241D862902EE6C00DA9DE3 /* Build configuration list for PBXProject "What about food?" */ = {
			isa = XCConfigurationList;
			buildConfigurations = (
				CC241D9D2902EE6E00DA9DE3 /* Debug */,
				CC241D9E2902EE6E00DA9DE3 /* Release */,
			);
			defaultConfigurationIsVisible = 0;
			defaultConfigurationName = Release;
		};
		CC241D9F2902EE6E00DA9DE3 /* Build configuration list for PBXNativeTarget "What about food?" */ = {
			isa = XCConfigurationList;
			buildConfigurations = (
				CC241DA02902EE6E00DA9DE3 /* Debug */,
				CC241DA12902EE6E00DA9DE3 /* Release */,
			);
			defaultConfigurationIsVisible = 0;
			defaultConfigurationName = Release;
		};
/* End XCConfigurationList section */

/* Begin XCRemoteSwiftPackageReference section */
		CC99A7AE29099E3D00706830 /* XCRemoteSwiftPackageReference "Kingfisher" */ = {
			isa = XCRemoteSwiftPackageReference;
			repositoryURL = "https://github.com/onevcat/Kingfisher.git";
			requirement = {
				kind = upToNextMajorVersion;
				minimumVersion = 7.0.0;
			};
		};
/* End XCRemoteSwiftPackageReference section */

/* Begin XCSwiftPackageProductDependency section */
		CC99A7AF29099E3D00706830 /* Kingfisher */ = {
			isa = XCSwiftPackageProductDependency;
			package = CC99A7AE29099E3D00706830 /* XCRemoteSwiftPackageReference "Kingfisher" */;
			productName = Kingfisher;
		};
/* End XCSwiftPackageProductDependency section */
	};
	rootObject = CC241D832902EE6C00DA9DE3 /* Project object */;
}
